
Microsoft Visual Studio Solution File, Format Version 12.00
# Visual Studio Version 17
VisualStudioVersion = 17.8.34408.163
MinimumVisualStudioVersion = 10.0.40219.1
Project("{FAE04EC0-301F-11D3-BF4B-00C04F79EFBC}") = "ButtonWpf", "ButtonWpf\ButtonWpf.csproj", "{3651D483-61A4-4B13-B385-5B146749EF3E}"
EndProject
Global
	GlobalSection(SolutionConfigurationPlatforms) = preSolution
		Debug|Any CPU = Debug|Any CPU
		Release|Any CPU = Release|Any CPU
	EndGlobalSection
	GlobalSection(ProjectConfigurationPlatforms) = postSolution
		{3651D483-61A4-4B13-B385-5B146749EF3E}.Debug|Any CPU.ActiveCfg = Debug|Any CPU
		{3651D483-61A4-4B13-B385-5B146749EF3E}.Debug|Any CPU.Build.0 = Debug|Any CPU
		{3651D483-61A4-4B13-B385-5B146749EF3E}.Release|Any CPU.ActiveCfg = Release|Any CPU
		{3651D483-61A4-4B13-B385-5B146749EF3E}.Release|Any CPU.Build.0 = Release|Any CPU
	EndGlobalSection
	GlobalSection(SolutionProperties) = preSolution
		HideSolutionNode = FALSE
	EndGlobalSection
	GlobalSection(ExtensibilityGlobals) = postSolution
		SolutionGuid = {EC738D7D-F5FD-44C2-8F70-B88B137C51B8}
	EndGlobalSection
EndGlobal
